{
  "name": "getUser",
  "version": "1.0.0",
  "lockfileVersion": 3,
  "requires": true,
  "packages": {
    "": {
      "name": "getUser",
      "version": "1.0.0",
      "dependencies": {
        "zcatalyst-sdk-node": "2.5.0"
      }
    },
    "node_modules/zcatalyst-sdk-node": {
      "version": "2.5.0",
      "resolved": "https://registry.npmjs.org/zcatalyst-sdk-node/-/zcatalyst-sdk-node-2.5.0.tgz",
      "integrity": "sha512-68o36B6AZjXVMgfdxgwBz08ZKsicAlQflhBzCitj7+jRRYX79I+lbbpKYgPiG9MdC4k8fqgg9N2AMf6wYniyTg==",
      "license": "MIT",
      "engines": {
        "node": ">=10.0.0"
      }
    }
  }
}
